
Microsoft Visual Studio Solution File, Format Version 12.00
# Visual Studio Version 17
VisualStudioVersion = 17.4.33213.308
MinimumVisualStudioVersion = 10.0.40219.1
Project("{FAE04EC0-301F-11D3-BF4B-00C04F79EFBC}") = "Lab16-Bank", "Lab16-Bank.csproj", "{24AECE2D-0CF0-4FDA-A248-9D959D70C39C}"
EndProject
Project("{FAE04EC0-301F-11D3-BF4B-00C04F79EFBC}") = "Lab16-test", "..\Lab16-test\Lab16-test.csproj", "{1D4D05D1-ADB2-44AB-922E-B8D8B7618FAD}"
EndProject
Global
	GlobalSection(SolutionConfigurationPlatforms) = preSolution
		Debug|Any CPU = Debug|Any CPU
		Release|Any CPU = Release|Any CPU
	EndGlobalSection
	GlobalSection(ProjectConfigurationPlatforms) = postSolution
		{24AECE2D-0CF0-4FDA-A248-9D959D70C39C}.Debug|Any CPU.ActiveCfg = Debug|Any CPU
		{24AECE2D-0CF0-4FDA-A248-9D959D70C39C}.Debug|Any CPU.Build.0 = Debug|Any CPU
		{24AECE2D-0CF0-4FDA-A248-9D959D70C39C}.Release|Any CPU.ActiveCfg = Release|Any CPU
		{24AECE2D-0CF0-4FDA-A248-9D959D70C39C}.Release|Any CPU.Build.0 = Release|Any CPU
		{1D4D05D1-ADB2-44AB-922E-B8D8B7618FAD}.Debug|Any CPU.ActiveCfg = Debug|Any CPU
		{1D4D05D1-ADB2-44AB-922E-B8D8B7618FAD}.Debug|Any CPU.Build.0 = Debug|Any CPU
		{1D4D05D1-ADB2-44AB-922E-B8D8B7618FAD}.Release|Any CPU.ActiveCfg = Release|Any CPU
		{1D4D05D1-ADB2-44AB-922E-B8D8B7618FAD}.Release|Any CPU.Build.0 = Release|Any CPU
	EndGlobalSection
	GlobalSection(SolutionProperties) = preSolution
		HideSolutionNode = FALSE
	EndGlobalSection
	GlobalSection(ExtensibilityGlobals) = postSolution
		SolutionGuid = {909AC42F-3D6A-48F6-A3CC-EBC5414A8E76}
	EndGlobalSection
EndGlobal
